
Microsoft Visual Studio Solution File, Format Version 12.00
# Visual Studio Version 17
VisualStudioVersion = 17.5.33530.505
MinimumVisualStudioVersion = 10.0.40219.1
Project("{9A19103F-16F7-4668-BE54-9A1E7A4F7556}") = "Playground", "Playground\Playground.csproj", "{1FF279C0-D9F2-4FC7-8C70-F04BE4824727}"
EndProject
Project("{9A19103F-16F7-4668-BE54-9A1E7A4F7556}") = "TheLair.HTTP", "TheLair.HTTP\TheLair.HTTP.csproj", "{A96B6B27-AE6B-434C-8E26-032977A29714}"
EndProject
Project("{9A19103F-16F7-4668-BE54-9A1E7A4F7556}") = "TheLair.BlazorApp", "TheLair.BlazorApp\TheLair.BlazorApp.csproj", "{0F551D26-C69D-466B-A319-FD26B71D9C30}"
EndProject
Project("{9A19103F-16F7-4668-BE54-9A1E7A4F7556}") = "TheLair.ASP_Net", "TheLair.ASP_Net\TheLair.ASP_Net.csproj", "{22330EA0-2B90-4102-AEAB-E6DF0696FD0A}"
EndProject
Project("{9A19103F-16F7-4668-BE54-9A1E7A4F7556}") = "TheLair.Database", "TheLair.Database\TheLair.Database.csproj", "{9DB3C57A-0FFB-4172-A150-377BB17BF5B6}"
EndProject
Project("{9A19103F-16F7-4668-BE54-9A1E7A4F7556}") = "TheLair.JWT", "TheLair.JWT\TheLair.JWT.csproj", "{E9A2DF00-FE82-4900-A0C1-1BCD331F18EB}"
EndProject
Project("{9A19103F-16F7-4668-BE54-9A1E7A4F7556}") = "TheLair.Extensions", "TheLair.Extensions\TheLair.Extensions.csproj", "{F4C7343C-74FB-429A-8F5F-92DA46EE379C}"
EndProject
Project("{FAE04EC0-301F-11D3-BF4B-00C04F79EFBC}") = "TheLair.UnitTesting", "TheLair.UnitTesting\TheLair.UnitTesting.csproj", "{10549E13-A61F-49EC-A2D0-B6F31116439F}"
EndProject
Global
	GlobalSection(SolutionConfigurationPlatforms) = preSolution
		Debug|Any CPU = Debug|Any CPU
		Release|Any CPU = Release|Any CPU
	EndGlobalSection
	GlobalSection(ProjectConfigurationPlatforms) = postSolution
		{1FF279C0-D9F2-4FC7-8C70-F04BE4824727}.Debug|Any CPU.ActiveCfg = Debug|Any CPU
		{1FF279C0-D9F2-4FC7-8C70-F04BE4824727}.Debug|Any CPU.Build.0 = Debug|Any CPU
		{1FF279C0-D9F2-4FC7-8C70-F04BE4824727}.Release|Any CPU.ActiveCfg = Release|Any CPU
		{1FF279C0-D9F2-4FC7-8C70-F04BE4824727}.Release|Any CPU.Build.0 = Release|Any CPU
		{A96B6B27-AE6B-434C-8E26-032977A29714}.Debug|Any CPU.ActiveCfg = Debug|Any CPU
		{A96B6B27-AE6B-434C-8E26-032977A29714}.Debug|Any CPU.Build.0 = Debug|Any CPU
		{A96B6B27-AE6B-434C-8E26-032977A29714}.Release|Any CPU.ActiveCfg = Release|Any CPU
		{A96B6B27-AE6B-434C-8E26-032977A29714}.Release|Any CPU.Build.0 = Release|Any CPU
		{0F551D26-C69D-466B-A319-FD26B71D9C30}.Debug|Any CPU.ActiveCfg = Debug|Any CPU
		{0F551D26-C69D-466B-A319-FD26B71D9C30}.Debug|Any CPU.Build.0 = Debug|Any CPU
		{0F551D26-C69D-466B-A319-FD26B71D9C30}.Release|Any CPU.ActiveCfg = Release|Any CPU
		{0F551D26-C69D-466B-A319-FD26B71D9C30}.Release|Any CPU.Build.0 = Release|Any CPU
		{22330EA0-2B90-4102-AEAB-E6DF0696FD0A}.Debug|Any CPU.ActiveCfg = Debug|Any CPU
		{22330EA0-2B90-4102-AEAB-E6DF0696FD0A}.Debug|Any CPU.Build.0 = Debug|Any CPU
		{22330EA0-2B90-4102-AEAB-E6DF0696FD0A}.Release|Any CPU.ActiveCfg = Release|Any CPU
		{22330EA0-2B90-4102-AEAB-E6DF0696FD0A}.Release|Any CPU.Build.0 = Release|Any CPU
		{9DB3C57A-0FFB-4172-A150-377BB17BF5B6}.Debug|Any CPU.ActiveCfg = Debug|Any CPU
		{9DB3C57A-0FFB-4172-A150-377BB17BF5B6}.Debug|Any CPU.Build.0 = Debug|Any CPU
		{9DB3C57A-0FFB-4172-A150-377BB17BF5B6}.Release|Any CPU.ActiveCfg = Release|Any CPU
		{9DB3C57A-0FFB-4172-A150-377BB17BF5B6}.Release|Any CPU.Build.0 = Release|Any CPU
		{E9A2DF00-FE82-4900-A0C1-1BCD331F18EB}.Debug|Any CPU.ActiveCfg = Debug|Any CPU
		{E9A2DF00-FE82-4900-A0C1-1BCD331F18EB}.Debug|Any CPU.Build.0 = Debug|Any CPU
		{E9A2DF00-FE82-4900-A0C1-1BCD331F18EB}.Release|Any CPU.ActiveCfg = Release|Any CPU
		{E9A2DF00-FE82-4900-A0C1-1BCD331F18EB}.Release|Any CPU.Build.0 = Release|Any CPU
		{F4C7343C-74FB-429A-8F5F-92DA46EE379C}.Debug|Any CPU.ActiveCfg = Debug|Any CPU
		{F4C7343C-74FB-429A-8F5F-92DA46EE379C}.Debug|Any CPU.Build.0 = Debug|Any CPU
		{F4C7343C-74FB-429A-8F5F-92DA46EE379C}.Release|Any CPU.ActiveCfg = Release|Any CPU
		{F4C7343C-74FB-429A-8F5F-92DA46EE379C}.Release|Any CPU.Build.0 = Release|Any CPU
		{10549E13-A61F-49EC-A2D0-B6F31116439F}.Debug|Any CPU.ActiveCfg = Debug|Any CPU
		{10549E13-A61F-49EC-A2D0-B6F31116439F}.Debug|Any CPU.Build.0 = Debug|Any CPU
		{10549E13-A61F-49EC-A2D0-B6F31116439F}.Release|Any CPU.ActiveCfg = Release|Any CPU
		{10549E13-A61F-49EC-A2D0-B6F31116439F}.Release|Any CPU.Build.0 = Release|Any CPU
	EndGlobalSection
	GlobalSection(SolutionProperties) = preSolution
		HideSolutionNode = FALSE
	EndGlobalSection
	GlobalSection(ExtensibilityGlobals) = postSolution
		SolutionGuid = {835848B6-2EF1-43CE-9E3F-67815340E94A}
	EndGlobalSection
EndGlobal
