
Microsoft Visual Studio Solution File, Format Version 12.00
# Visual Studio Version 17
VisualStudioVersion = 17.5.33530.505
MinimumVisualStudioVersion = 10.0.40219.1
Project("{FAE04EC0-301F-11D3-BF4B-00C04F79EFBC}") = "TheLair.Libraries", "TheLair.Libraries\TheLair.Libraries.csproj", "{92757B4A-A54D-4670-B8F4-178921CC439C}"
EndProject
Global
	GlobalSection(SolutionConfigurationPlatforms) = preSolution
		Debug|Any CPU = Debug|Any CPU
		Release|Any CPU = Release|Any CPU
	EndGlobalSection
	GlobalSection(ProjectConfigurationPlatforms) = postSolution
		{92757B4A-A54D-4670-B8F4-178921CC439C}.Debug|Any CPU.ActiveCfg = Debug|Any CPU
		{92757B4A-A54D-4670-B8F4-178921CC439C}.Debug|Any CPU.Build.0 = Debug|Any CPU
		{92757B4A-A54D-4670-B8F4-178921CC439C}.Release|Any CPU.ActiveCfg = Release|Any CPU
		{92757B4A-A54D-4670-B8F4-178921CC439C}.Release|Any CPU.Build.0 = Release|Any CPU
	EndGlobalSection
	GlobalSection(SolutionProperties) = preSolution
		HideSolutionNode = FALSE
	EndGlobalSection
	GlobalSection(ExtensibilityGlobals) = postSolution
		SolutionGuid = {835848B6-2EF1-43CE-9E3F-67815340E94A}
	EndGlobalSection
EndGlobal
